
Microsoft Visual Studio Solution File, Format Version 12.00
# Visual Studio 15
Project("{FAE04EC0-301F-11D3-BF4B-00C04F79EFBC}") = "PhotonChat", "PhotonChat.csproj", "{2D0C3A83-D07C-AAF0-A924-097A3A94064B}"
EndProject
Project("{FAE04EC0-301F-11D3-BF4B-00C04F79EFBC}") = "PhotonUnityNetworking.Demos", "PhotonUnityNetworking.Demos.csproj", "{623B9BDE-AD52-67E8-CD9D-2CE2373DC998}"
EndProject
Project("{FAE04EC0-301F-11D3-BF4B-00C04F79EFBC}") = "Assembly-CSharp", "Assembly-CSharp.csproj", "{65E0F998-94A5-B76A-2D87-191092AF26B6}"
EndProject
Project("{FAE04EC0-301F-11D3-BF4B-00C04F79EFBC}") = "PhotonRealtime", "PhotonRealtime.csproj", "{3D77CF73-7D27-E9D3-4975-680B368851DE}"
EndProject
Project("{FAE04EC0-301F-11D3-BF4B-00C04F79EFBC}") = "PhotonUnityNetworking.Editor", "PhotonUnityNetworking.Editor.csproj", "{FB755CAB-F246-168F-3211-A79E1D4B74A3}"
EndProject
Project("{FAE04EC0-301F-11D3-BF4B-00C04F79EFBC}") = "PhotonUnityNetworking", "PhotonUnityNetworking.csproj", "{3E475177-C7AF-2969-70BC-B52B000E69E4}"
EndProject
Project("{FAE04EC0-301F-11D3-BF4B-00C04F79EFBC}") = "PhotonUnityNetworking.Utilities.PhotonPlayer.Editor", "PhotonUnityNetworking.Utilities.PhotonPlayer.Editor.csproj", "{98A08BF9-F089-0DDB-4E47-E05CD311DD49}"
EndProject
Project("{FAE04EC0-301F-11D3-BF4B-00C04F79EFBC}") = "PhotonUnityNetworking.Utilities", "PhotonUnityNetworking.Utilities.csproj", "{88D7FB4C-1785-30B2-D95F-E617B7AB4A74}"
EndProject
Project("{FAE04EC0-301F-11D3-BF4B-00C04F79EFBC}") = "PunDemos.DemoSlotcarEditor", "PunDemos.DemoSlotcarEditor.csproj", "{3EE7A2B1-4DFA-DEDC-9745-CAA5212EF11B}"
EndProject
Project("{FAE04EC0-301F-11D3-BF4B-00C04F79EFBC}") = "PhotonUnityNetworking.Utilities.Culling.Editor", "PhotonUnityNetworking.Utilities.Culling.Editor.csproj", "{E827A9AB-5602-5788-7EA1-7BAC7FC2B41F}"
EndProject
Project("{FAE04EC0-301F-11D3-BF4B-00C04F79EFBC}") = "PunDemos.DemoHubEditor", "PunDemos.DemoHubEditor.csproj", "{639673F2-B32B-180A-85BF-22A81EE61479}"
EndProject
Project("{FAE04EC0-301F-11D3-BF4B-00C04F79EFBC}") = "Assembly-CSharp-Editor", "Assembly-CSharp-Editor.csproj", "{728BDE33-5E4B-8DBE-E1BE-78E6265214C9}"
EndProject
Global
	GlobalSection(SolutionConfigurationPlatforms) = preSolution
		Debug|Any CPU = Debug|Any CPU
		Release|Any CPU = Release|Any CPU
	EndGlobalSection
	GlobalSection(ProjectConfigurationPlatforms) = postSolution
		{2D0C3A83-D07C-AAF0-A924-097A3A94064B}.Debug|Any CPU.ActiveCfg = Debug|Any CPU
		{2D0C3A83-D07C-AAF0-A924-097A3A94064B}.Debug|Any CPU.Build.0 = Debug|Any CPU
		{2D0C3A83-D07C-AAF0-A924-097A3A94064B}.Release|Any CPU.ActiveCfg = Release|Any CPU
		{2D0C3A83-D07C-AAF0-A924-097A3A94064B}.Release|Any CPU.Build.0 = Release|Any CPU
		{623B9BDE-AD52-67E8-CD9D-2CE2373DC998}.Debug|Any CPU.ActiveCfg = Debug|Any CPU
		{623B9BDE-AD52-67E8-CD9D-2CE2373DC998}.Debug|Any CPU.Build.0 = Debug|Any CPU
		{623B9BDE-AD52-67E8-CD9D-2CE2373DC998}.Release|Any CPU.ActiveCfg = Release|Any CPU
		{623B9BDE-AD52-67E8-CD9D-2CE2373DC998}.Release|Any CPU.Build.0 = Release|Any CPU
		{65E0F998-94A5-B76A-2D87-191092AF26B6}.Debug|Any CPU.ActiveCfg = Debug|Any CPU
		{65E0F998-94A5-B76A-2D87-191092AF26B6}.Debug|Any CPU.Build.0 = Debug|Any CPU
		{65E0F998-94A5-B76A-2D87-191092AF26B6}.Release|Any CPU.ActiveCfg = Release|Any CPU
		{65E0F998-94A5-B76A-2D87-191092AF26B6}.Release|Any CPU.Build.0 = Release|Any CPU
		{3D77CF73-7D27-E9D3-4975-680B368851DE}.Debug|Any CPU.ActiveCfg = Debug|Any CPU
		{3D77CF73-7D27-E9D3-4975-680B368851DE}.Debug|Any CPU.Build.0 = Debug|Any CPU
		{3D77CF73-7D27-E9D3-4975-680B368851DE}.Release|Any CPU.ActiveCfg = Release|Any CPU
		{3D77CF73-7D27-E9D3-4975-680B368851DE}.Release|Any CPU.Build.0 = Release|Any CPU
		{FB755CAB-F246-168F-3211-A79E1D4B74A3}.Debug|Any CPU.ActiveCfg = Debug|Any CPU
		{FB755CAB-F246-168F-3211-A79E1D4B74A3}.Debug|Any CPU.Build.0 = Debug|Any CPU
		{FB755CAB-F246-168F-3211-A79E1D4B74A3}.Release|Any CPU.ActiveCfg = Release|Any CPU
		{FB755CAB-F246-168F-3211-A79E1D4B74A3}.Release|Any CPU.Build.0 = Release|Any CPU
		{3E475177-C7AF-2969-70BC-B52B000E69E4}.Debug|Any CPU.ActiveCfg = Debug|Any CPU
		{3E475177-C7AF-2969-70BC-B52B000E69E4}.Debug|Any CPU.Build.0 = Debug|Any CPU
		{3E475177-C7AF-2969-70BC-B52B000E69E4}.Release|Any CPU.ActiveCfg = Release|Any CPU
		{3E475177-C7AF-2969-70BC-B52B000E69E4}.Release|Any CPU.Build.0 = Release|Any CPU
		{98A08BF9-F089-0DDB-4E47-E05CD311DD49}.Debug|Any CPU.ActiveCfg = Debug|Any CPU
		{98A08BF9-F089-0DDB-4E47-E05CD311DD49}.Debug|Any CPU.Build.0 = Debug|Any CPU
		{98A08BF9-F089-0DDB-4E47-E05CD311DD49}.Release|Any CPU.ActiveCfg = Release|Any CPU
		{98A08BF9-F089-0DDB-4E47-E05CD311DD49}.Release|Any CPU.Build.0 = Release|Any CPU
		{88D7FB4C-1785-30B2-D95F-E617B7AB4A74}.Debug|Any CPU.ActiveCfg = Debug|Any CPU
		{88D7FB4C-1785-30B2-D95F-E617B7AB4A74}.Debug|Any CPU.Build.0 = Debug|Any CPU
		{88D7FB4C-1785-30B2-D95F-E617B7AB4A74}.Release|Any CPU.ActiveCfg = Release|Any CPU
		{88D7FB4C-1785-30B2-D95F-E617B7AB4A74}.Release|Any CPU.Build.0 = Release|Any CPU
		{3EE7A2B1-4DFA-DEDC-9745-CAA5212EF11B}.Debug|Any CPU.ActiveCfg = Debug|Any CPU
		{3EE7A2B1-4DFA-DEDC-9745-CAA5212EF11B}.Debug|Any CPU.Build.0 = Debug|Any CPU
		{3EE7A2B1-4DFA-DEDC-9745-CAA5212EF11B}.Release|Any CPU.ActiveCfg = Release|Any CPU
		{3EE7A2B1-4DFA-DEDC-9745-CAA5212EF11B}.Release|Any CPU.Build.0 = Release|Any CPU
		{E827A9AB-5602-5788-7EA1-7BAC7FC2B41F}.Debug|Any CPU.ActiveCfg = Debug|Any CPU
		{E827A9AB-5602-5788-7EA1-7BAC7FC2B41F}.Debug|Any CPU.Build.0 = Debug|Any CPU
		{E827A9AB-5602-5788-7EA1-7BAC7FC2B41F}.Release|Any CPU.ActiveCfg = Release|Any CPU
		{E827A9AB-5602-5788-7EA1-7BAC7FC2B41F}.Release|Any CPU.Build.0 = Release|Any CPU
		{639673F2-B32B-180A-85BF-22A81EE61479}.Debug|Any CPU.ActiveCfg = Debug|Any CPU
		{639673F2-B32B-180A-85BF-22A81EE61479}.Debug|Any CPU.Build.0 = Debug|Any CPU
		{639673F2-B32B-180A-85BF-22A81EE61479}.Release|Any CPU.ActiveCfg = Release|Any CPU
		{639673F2-B32B-180A-85BF-22A81EE61479}.Release|Any CPU.Build.0 = Release|Any CPU
		{728BDE33-5E4B-8DBE-E1BE-78E6265214C9}.Debug|Any CPU.ActiveCfg = Debug|Any CPU
		{728BDE33-5E4B-8DBE-E1BE-78E6265214C9}.Debug|Any CPU.Build.0 = Debug|Any CPU
		{728BDE33-5E4B-8DBE-E1BE-78E6265214C9}.Release|Any CPU.ActiveCfg = Release|Any CPU
		{728BDE33-5E4B-8DBE-E1BE-78E6265214C9}.Release|Any CPU.Build.0 = Release|Any CPU
	EndGlobalSection
	GlobalSection(SolutionProperties) = preSolution
		HideSolutionNode = FALSE
	EndGlobalSection
EndGlobal
